
Microsoft Visual Studio Solution File, Format Version 12.00
# Visual Studio Version 16
VisualStudioVersion = 16.0.31005.135
MinimumVisualStudioVersion = 10.0.40219.1
Project("{FAE04EC0-301F-11D3-BF4B-00C04F79EFBC}") = "String Multiplication", "String Multiplication.csproj", "{A40ABCCE-1799-4497-BBD0-A90D3CC8C241}"
EndProject
Global
	GlobalSection(SolutionConfigurationPlatforms) = preSolution
		Debug|Any CPU = Debug|Any CPU
		Release|Any CPU = Release|Any CPU
	EndGlobalSection
	GlobalSection(ProjectConfigurationPlatforms) = postSolution
		{A40ABCCE-1799-4497-BBD0-A90D3CC8C241}.Debug|Any CPU.ActiveCfg = Debug|Any CPU
		{A40ABCCE-1799-4497-BBD0-A90D3CC8C241}.Debug|Any CPU.Build.0 = Debug|Any CPU
		{A40ABCCE-1799-4497-BBD0-A90D3CC8C241}.Release|Any CPU.ActiveCfg = Release|Any CPU
		{A40ABCCE-1799-4497-BBD0-A90D3CC8C241}.Release|Any CPU.Build.0 = Release|Any CPU
	EndGlobalSection
	GlobalSection(SolutionProperties) = preSolution
		HideSolutionNode = FALSE
	EndGlobalSection
	GlobalSection(ExtensibilityGlobals) = postSolution
		SolutionGuid = {5486753F-7CD2-4E3B-9FBE-1EB937D81864}
	EndGlobalSection
EndGlobal
